
Microsoft Visual Studio Solution File, Format Version 12.00
# Visual Studio Version 17
VisualStudioVersion = 17.3.32929.385
MinimumVisualStudioVersion = 10.0.40219.1
Project("{9A19103F-16F7-4668-BE54-9A1E7A4F7556}") = "FileMangSamp1", "FileMangSamp1.csproj", "{0C3F697A-09D3-415E-9464-0449E629E7BF}"
EndProject
Project("{2150E333-8FDC-42A3-9474-1A3956D46DE8}") = "Solution Items", "Solution Items", "{A86BAF91-F7F7-49A1-AEE5-E3E788A3ED33}"
EndProject
Project("{2150E333-8FDC-42A3-9474-1A3956D46DE8}") = "NewFolder1", "NewFolder1", "{6249A481-7EDF-4F6F-8D61-C5686AB5EFB5}"
EndProject
Project("{9A19103F-16F7-4668-BE54-9A1E7A4F7556}") = "New_List_Pattern", "..\New_List_Pattern\New_List_Pattern.csproj", "{B003E991-28DE-44FC-8893-F6B4845EF139}"
EndProject
Global
	GlobalSection(SolutionConfigurationPlatforms) = preSolution
		Debug|Any CPU = Debug|Any CPU
		Release|Any CPU = Release|Any CPU
	EndGlobalSection
	GlobalSection(ProjectConfigurationPlatforms) = postSolution
		{0C3F697A-09D3-415E-9464-0449E629E7BF}.Debug|Any CPU.ActiveCfg = Debug|Any CPU
		{0C3F697A-09D3-415E-9464-0449E629E7BF}.Debug|Any CPU.Build.0 = Debug|Any CPU
		{0C3F697A-09D3-415E-9464-0449E629E7BF}.Release|Any CPU.ActiveCfg = Release|Any CPU
		{0C3F697A-09D3-415E-9464-0449E629E7BF}.Release|Any CPU.Build.0 = Release|Any CPU
		{B003E991-28DE-44FC-8893-F6B4845EF139}.Debug|Any CPU.ActiveCfg = Debug|Any CPU
		{B003E991-28DE-44FC-8893-F6B4845EF139}.Debug|Any CPU.Build.0 = Debug|Any CPU
		{B003E991-28DE-44FC-8893-F6B4845EF139}.Release|Any CPU.ActiveCfg = Release|Any CPU
		{B003E991-28DE-44FC-8893-F6B4845EF139}.Release|Any CPU.Build.0 = Release|Any CPU
	EndGlobalSection
	GlobalSection(SolutionProperties) = preSolution
		HideSolutionNode = FALSE
	EndGlobalSection
	GlobalSection(ExtensibilityGlobals) = postSolution
		SolutionGuid = {538EE7CA-569F-41E8-8FB9-6FB54FB78932}
	EndGlobalSection
EndGlobal
